# This file is automatically @generated by Cargo.
# It is not intended for manual editing.
version = 3

[[package]]
name = "aoc_2022"
version = "0.1.0"

[[package]]
name = "day_1"
version = "0.1.0"
dependencies = [
 "file_utils",
]

[[package]]
name = "day_2"
version = "0.1.0"
dependencies = [
 "file_utils",
]

[[package]]
name = "file_utils"
version = "0.1.0"
